// !$*UTF8*$!
{
	archiveVersion = 1;
	classes = {
	};
	objectVersion = 55;
	objects = {

/* Begin PBXBuildFile section */
		6C70779628C0A9EA007F2961 /* main.swift in Sources */ = {isa = PBXBuildFile; fileRef = 6C70779528C0A9EA007F2961 /* main.swift */; };
		6C70779D28C0AB13007F2961 /* ConsoleIO.swift in Sources */ = {isa = PBXBuildFile; fileRef = 6C70779C28C0AB13007F2961 /* ConsoleIO.swift */; };
		6C70779F28C0ACC7007F2961 /* CronParser.swift in Sources */ = {isa = PBXBuildFile; fileRef = 6C70779E28C0ACC7007F2961 /* CronParser.swift */; };
		6C7D8ACE28C0BA3500ACB5E7 /* CronParserTests.swift in Sources */ = {isa = PBXBuildFile; fileRef = 6C7D8ACD28C0BA3500ACB5E7 /* CronParserTests.swift */; };
		6C7D8AD628C0D38300ACB5E7 /* CronField.swift in Sources */ = {isa = PBXBuildFile; fileRef = 6C7D8AD528C0D38300ACB5E7 /* CronField.swift */; };
		6C7D8AD828C0D3A500ACB5E7 /* TimeArgument.swift in Sources */ = {isa = PBXBuildFile; fileRef = 6C7D8AD728C0D3A500ACB5E7 /* TimeArgument.swift */; };
		6C7D8ADA28C11B7A00ACB5E7 /* CronFieldParser.swift in Sources */ = {isa = PBXBuildFile; fileRef = 6C7D8AD928C11B7A00ACB5E7 /* CronFieldParser.swift */; };
		6C7D8AE128C16AE600ACB5E7 /* TimeArgumentTests.swift in Sources */ = {isa = PBXBuildFile; fileRef = 6C7D8AE028C16AE600ACB5E7 /* TimeArgumentTests.swift */; };
		6C7D8AE228C16D9600ACB5E7 /* CronParser.swift in Sources */ = {isa = PBXBuildFile; fileRef = 6C70779E28C0ACC7007F2961 /* CronParser.swift */; };
		6C7D8AE328C16D9C00ACB5E7 /* CronFieldParser.swift in Sources */ = {isa = PBXBuildFile; fileRef = 6C7D8AD928C11B7A00ACB5E7 /* CronFieldParser.swift */; };
		6C7D8AE428C16D9E00ACB5E7 /* CronField.swift in Sources */ = {isa = PBXBuildFile; fileRef = 6C7D8AD528C0D38300ACB5E7 /* CronField.swift */; };
		6C7D8AE528C16DA100ACB5E7 /* TimeArgument.swift in Sources */ = {isa = PBXBuildFile; fileRef = 6C7D8AD728C0D3A500ACB5E7 /* TimeArgument.swift */; };
		6C7D8AE728C16DA700ACB5E7 /* main.swift in Sources */ = {isa = PBXBuildFile; fileRef = 6C70779528C0A9EA007F2961 /* main.swift */; };
		6C7D8AE828C16DA900ACB5E7 /* ConsoleIO.swift in Sources */ = {isa = PBXBuildFile; fileRef = 6C70779C28C0AB13007F2961 /* ConsoleIO.swift */; };
		6C7D8AEA28C16ED400ACB5E7 /* CronFieldTests.swift in Sources */ = {isa = PBXBuildFile; fileRef = 6C7D8AE928C16ED400ACB5E7 /* CronFieldTests.swift */; };
		6C7D8AEC28C172BF00ACB5E7 /* CronFieldParserTests.swift in Sources */ = {isa = PBXBuildFile; fileRef = 6C7D8AEB28C172BF00ACB5E7 /* CronFieldParserTests.swift */; };
/* End PBXBuildFile section */

/* Begin PBXCopyFilesBuildPhase section */
		6C70779028C0A9EA007F2961 /* CopyFiles */ = {
			isa = PBXCopyFilesBuildPhase;
			buildActionMask = 2147483647;
			dstPath = /usr/share/man/man1/;
			dstSubfolderSpec = 0;
			files = (
			);
			runOnlyForDeploymentPostprocessing = 1;
		};
/* End PBXCopyFilesBuildPhase section */

/* Begin PBXFileReference section */
		6C70779228C0A9EA007F2961 /* cronparser */ = {isa = PBXFileReference; explicitFileType = "compiled.mach-o.executable"; includeInIndex = 0; path = cronparser; sourceTree = BUILT_PRODUCTS_DIR; };
		6C70779528C0A9EA007F2961 /* main.swift */ = {isa = PBXFileReference; lastKnownFileType = sourcecode.swift; path = main.swift; sourceTree = "<group>"; };
		6C70779C28C0AB13007F2961 /* ConsoleIO.swift */ = {isa = PBXFileReference; lastKnownFileType = sourcecode.swift; path = ConsoleIO.swift; sourceTree = "<group>"; };
		6C70779E28C0ACC7007F2961 /* CronParser.swift */ = {isa = PBXFileReference; lastKnownFileType = sourcecode.swift; path = CronParser.swift; sourceTree = "<group>"; };
		6C7D8ACB28C0BA3500ACB5E7 /* CronParserTests.xctest */ = {isa = PBXFileReference; explicitFileType = wrapper.cfbundle; includeInIndex = 0; path = CronParserTests.xctest; sourceTree = BUILT_PRODUCTS_DIR; };
		6C7D8ACD28C0BA3500ACB5E7 /* CronParserTests.swift */ = {isa = PBXFileReference; lastKnownFileType = sourcecode.swift; path = CronParserTests.swift; sourceTree = "<group>"; };
		6C7D8AD528C0D38300ACB5E7 /* CronField.swift */ = {isa = PBXFileReference; lastKnownFileType = sourcecode.swift; path = CronField.swift; sourceTree = "<group>"; };
		6C7D8AD728C0D3A500ACB5E7 /* TimeArgument.swift */ = {isa = PBXFileReference; lastKnownFileType = sourcecode.swift; path = TimeArgument.swift; sourceTree = "<group>"; };
		6C7D8AD928C11B7A00ACB5E7 /* CronFieldParser.swift */ = {isa = PBXFileReference; lastKnownFileType = sourcecode.swift; path = CronFieldParser.swift; sourceTree = "<group>"; };
		6C7D8AE028C16AE600ACB5E7 /* TimeArgumentTests.swift */ = {isa = PBXFileReference; lastKnownFileType = sourcecode.swift; path = TimeArgumentTests.swift; sourceTree = "<group>"; };
		6C7D8AE928C16ED400ACB5E7 /* CronFieldTests.swift */ = {isa = PBXFileReference; lastKnownFileType = sourcecode.swift; path = CronFieldTests.swift; sourceTree = "<group>"; };
		6C7D8AEB28C172BF00ACB5E7 /* CronFieldParserTests.swift */ = {isa = PBXFileReference; lastKnownFileType = sourcecode.swift; path = CronFieldParserTests.swift; sourceTree = "<group>"; };
/* End PBXFileReference section */

/* Begin PBXFrameworksBuildPhase section */
		6C70778F28C0A9EA007F2961 /* Frameworks */ = {
			isa = PBXFrameworksBuildPhase;
			buildActionMask = 2147483647;
			files = (
			);
			runOnlyForDeploymentPostprocessing = 0;
		};
		6C7D8AC828C0BA3500ACB5E7 /* Frameworks */ = {
			isa = PBXFrameworksBuildPhase;
			buildActionMask = 2147483647;
			files = (
			);
			runOnlyForDeploymentPostprocessing = 0;
		};
/* End PBXFrameworksBuildPhase section */

/* Begin PBXGroup section */
		6C70778928C0A9EA007F2961 = {
			isa = PBXGroup;
			children = (
				6C70779428C0A9EA007F2961 /* CronParser */,
				6C7D8ACC28C0BA3500ACB5E7 /* CronParserTests */,
				6C70779328C0A9EA007F2961 /* Products */,
			);
			sourceTree = "<group>";
		};
		6C70779328C0A9EA007F2961 /* Products */ = {
			isa = PBXGroup;
			children = (
				6C70779228C0A9EA007F2961 /* cronparser */,
				6C7D8ACB28C0BA3500ACB5E7 /* CronParserTests.xctest */,
			);
			name = Products;
			sourceTree = "<group>";
		};
		6C70779428C0A9EA007F2961 /* CronParser */ = {
			isa = PBXGroup;
			children = (
				6C7D8AD428C0D36A00ACB5E7 /* Parsers */,
				6C7D8AD328C0D36100ACB5E7 /* Data Objects */,
				6C70779528C0A9EA007F2961 /* main.swift */,
				6C70779C28C0AB13007F2961 /* ConsoleIO.swift */,
			);
			path = CronParser;
			sourceTree = "<group>";
		};
		6C7D8ACC28C0BA3500ACB5E7 /* CronParserTests */ = {
			isa = PBXGroup;
			children = (
				6C7D8ADF28C16AC500ACB5E7 /* Test Parsers */,
				6C7D8ADE28C16AB400ACB5E7 /* Test Models */,
			);
			path = CronParserTests;
			sourceTree = "<group>";
		};
		6C7D8AD328C0D36100ACB5E7 /* Data Objects */ = {
			isa = PBXGroup;
			children = (
				6C7D8AD528C0D38300ACB5E7 /* CronField.swift */,
				6C7D8AD728C0D3A500ACB5E7 /* TimeArgument.swift */,
			);
			path = "Data Objects";
			sourceTree = "<group>";
		};
		6C7D8AD428C0D36A00ACB5E7 /* Parsers */ = {
			isa = PBXGroup;
			children = (
				6C70779E28C0ACC7007F2961 /* CronParser.swift */,
				6C7D8AD928C11B7A00ACB5E7 /* CronFieldParser.swift */,
			);
			path = Parsers;
			sourceTree = "<group>";
		};
		6C7D8ADE28C16AB400ACB5E7 /* Test Models */ = {
			isa = PBXGroup;
			children = (
				6C7D8AE028C16AE600ACB5E7 /* TimeArgumentTests.swift */,
				6C7D8AE928C16ED400ACB5E7 /* CronFieldTests.swift */,
			);
			path = "Test Models";
			sourceTree = "<group>";
		};
		6C7D8ADF28C16AC500ACB5E7 /* Test Parsers */ = {
			isa = PBXGroup;
			children = (
				6C7D8ACD28C0BA3500ACB5E7 /* CronParserTests.swift */,
				6C7D8AEB28C172BF00ACB5E7 /* CronFieldParserTests.swift */,
			);
			path = "Test Parsers";
			sourceTree = "<group>";
		};
/* End PBXGroup section */

/* Begin PBXNativeTarget section */
		6C70779128C0A9EA007F2961 /* CronParser */ = {
			isa = PBXNativeTarget;
			buildConfigurationList = 6C70779928C0A9EA007F2961 /* Build configuration list for PBXNativeTarget "CronParser" */;
			buildPhases = (
				6C70778E28C0A9EA007F2961 /* Sources */,
				6C70778F28C0A9EA007F2961 /* Frameworks */,
				6C70779028C0A9EA007F2961 /* CopyFiles */,
			);
			buildRules = (
			);
			dependencies = (
			);
			name = CronParser;
			productName = CronParser;
			productReference = 6C70779228C0A9EA007F2961 /* cronparser */;
			productType = "com.apple.product-type.tool";
		};
		6C7D8ACA28C0BA3500ACB5E7 /* CronParserTests */ = {
			isa = PBXNativeTarget;
			buildConfigurationList = 6C7D8ACF28C0BA3500ACB5E7 /* Build configuration list for PBXNativeTarget "CronParserTests" */;
			buildPhases = (
				6C7D8AC728C0BA3500ACB5E7 /* Sources */,
				6C7D8AC828C0BA3500ACB5E7 /* Frameworks */,
				6C7D8AC928C0BA3500ACB5E7 /* Resources */,
			);
			buildRules = (
			);
			dependencies = (
			);
			name = CronParserTests;
			productName = CronParserTests;
			productReference = 6C7D8ACB28C0BA3500ACB5E7 /* CronParserTests.xctest */;
			productType = "com.apple.product-type.bundle.unit-test";
		};
/* End PBXNativeTarget section */

/* Begin PBXProject section */
		6C70778A28C0A9EA007F2961 /* Project object */ = {
			isa = PBXProject;
			attributes = {
				BuildIndependentTargetsInParallel = 1;
				LastSwiftUpdateCheck = 1340;
				LastUpgradeCheck = 1340;
				TargetAttributes = {
					6C70779128C0A9EA007F2961 = {
						CreatedOnToolsVersion = 13.4.1;
					};
					6C7D8ACA28C0BA3500ACB5E7 = {
						CreatedOnToolsVersion = 13.4.1;
					};
				};
			};
			buildConfigurationList = 6C70778D28C0A9EA007F2961 /* Build configuration list for PBXProject "CronParser" */;
			compatibilityVersion = "Xcode 13.0";
			developmentRegion = en;
			hasScannedForEncodings = 0;
			knownRegions = (
				en,
				Base,
			);
			mainGroup = 6C70778928C0A9EA007F2961;
			productRefGroup = 6C70779328C0A9EA007F2961 /* Products */;
			projectDirPath = "";
			projectRoot = "";
			targets = (
				6C70779128C0A9EA007F2961 /* CronParser */,
				6C7D8ACA28C0BA3500ACB5E7 /* CronParserTests */,
			);
		};
/* End PBXProject section */

/* Begin PBXResourcesBuildPhase section */
		6C7D8AC928C0BA3500ACB5E7 /* Resources */ = {
			isa = PBXResourcesBuildPhase;
			buildActionMask = 2147483647;
			files = (
			);
			runOnlyForDeploymentPostprocessing = 0;
		};
/* End PBXResourcesBuildPhase section */

/* Begin PBXSourcesBuildPhase section */
		6C70778E28C0A9EA007F2961 /* Sources */ = {
			isa = PBXSourcesBuildPhase;
			buildActionMask = 2147483647;
			files = (
				6C70779F28C0ACC7007F2961 /* CronParser.swift in Sources */,
				6C70779628C0A9EA007F2961 /* main.swift in Sources */,
				6C7D8ADA28C11B7A00ACB5E7 /* CronFieldParser.swift in Sources */,
				6C7D8AD828C0D3A500ACB5E7 /* TimeArgument.swift in Sources */,
				6C7D8AD628C0D38300ACB5E7 /* CronField.swift in Sources */,
				6C70779D28C0AB13007F2961 /* ConsoleIO.swift in Sources */,
			);
			runOnlyForDeploymentPostprocessing = 0;
		};
		6C7D8AC728C0BA3500ACB5E7 /* Sources */ = {
			isa = PBXSourcesBuildPhase;
			buildActionMask = 2147483647;
			files = (
				6C7D8AE828C16DA900ACB5E7 /* ConsoleIO.swift in Sources */,
				6C7D8AE228C16D9600ACB5E7 /* CronParser.swift in Sources */,
				6C7D8AE728C16DA700ACB5E7 /* main.swift in Sources */,
				6C7D8ACE28C0BA3500ACB5E7 /* CronParserTests.swift in Sources */,
				6C7D8AE128C16AE600ACB5E7 /* TimeArgumentTests.swift in Sources */,
				6C7D8AEC28C172BF00ACB5E7 /* CronFieldParserTests.swift in Sources */,
				6C7D8AEA28C16ED400ACB5E7 /* CronFieldTests.swift in Sources */,
				6C7D8AE528C16DA100ACB5E7 /* TimeArgument.swift in Sources */,
				6C7D8AE428C16D9E00ACB5E7 /* CronField.swift in Sources */,
				6C7D8AE328C16D9C00ACB5E7 /* CronFieldParser.swift in Sources */,
			);
			runOnlyForDeploymentPostprocessing = 0;
		};
/* End PBXSourcesBuildPhase section */

/* Begin XCBuildConfiguration section */
		6C70779728C0A9EA007F2961 /* Debug */ = {
			isa = XCBuildConfiguration;
			buildSettings = {
				ALWAYS_SEARCH_USER_PATHS = NO;
				CLANG_ANALYZER_NONNULL = YES;
				CLANG_ANALYZER_NUMBER_OBJECT_CONVERSION = YES_AGGRESSIVE;
				CLANG_CXX_LANGUAGE_STANDARD = "gnu++17";
				CLANG_ENABLE_MODULES = YES;
				CLANG_ENABLE_OBJC_ARC = YES;
				CLANG_ENABLE_OBJC_WEAK = YES;
				CLANG_WARN_BLOCK_CAPTURE_AUTORELEASING = YES;
				CLANG_WARN_BOOL_CONVERSION = YES;
				CLANG_WARN_COMMA = YES;
				CLANG_WARN_CONSTANT_CONVERSION = YES;
				CLANG_WARN_DEPRECATED_OBJC_IMPLEMENTATIONS = YES;
				CLANG_WARN_DIRECT_OBJC_ISA_USAGE = YES_ERROR;
				CLANG_WARN_DOCUMENTATION_COMMENTS = YES;
				CLANG_WARN_EMPTY_BODY = YES;
				CLANG_WARN_ENUM_CONVERSION = YES;
				CLANG_WARN_INFINITE_RECURSION = YES;
				CLANG_WARN_INT_CONVERSION = YES;
				CLANG_WARN_NON_LITERAL_NULL_CONVERSION = YES;
				CLANG_WARN_OBJC_IMPLICIT_RETAIN_SELF = YES;
				CLANG_WARN_OBJC_LITERAL_CONVERSION = YES;
				CLANG_WARN_OBJC_ROOT_CLASS = YES_ERROR;
				CLANG_WARN_QUOTED_INCLUDE_IN_FRAMEWORK_HEADER = YES;
				CLANG_WARN_RANGE_LOOP_ANALYSIS = YES;
				CLANG_WARN_STRICT_PROTOTYPES = YES;
				CLANG_WARN_SUSPICIOUS_MOVE = YES;
				CLANG_WARN_UNGUARDED_AVAILABILITY = YES_AGGRESSIVE;
				CLANG_WARN_UNREACHABLE_CODE = YES;
				CLANG_WARN__DUPLICATE_METHOD_MATCH = YES;
				COPY_PHASE_STRIP = NO;
				DEBUG_INFORMATION_FORMAT = dwarf;
				ENABLE_STRICT_OBJC_MSGSEND = YES;
				ENABLE_TESTABILITY = YES;
				GCC_C_LANGUAGE_STANDARD = gnu11;
				GCC_DYNAMIC_NO_PIC = NO;
				GCC_NO_COMMON_BLOCKS = YES;
				GCC_OPTIMIZATION_LEVEL = 0;
				GCC_PREPROCESSOR_DEFINITIONS = (
					"DEBUG=1",
					"$(inherited)",
				);
				GCC_WARN_64_TO_32_BIT_CONVERSION = YES;
				GCC_WARN_ABOUT_RETURN_TYPE = YES_ERROR;
				GCC_WARN_UNDECLARED_SELECTOR = YES;
				GCC_WARN_UNINITIALIZED_AUTOS = YES_AGGRESSIVE;
				GCC_WARN_UNUSED_FUNCTION = YES;
				GCC_WARN_UNUSED_VARIABLE = YES;
				MACOSX_DEPLOYMENT_TARGET = 12.3;
				MTL_ENABLE_DEBUG_INFO = INCLUDE_SOURCE;
				MTL_FAST_MATH = YES;
				ONLY_ACTIVE_ARCH = YES;
				SDKROOT = macosx;
				SWIFT_ACTIVE_COMPILATION_CONDITIONS = DEBUG;
				SWIFT_OPTIMIZATION_LEVEL = "-Onone";
			};
			name = Debug;
		};
		6C70779828C0A9EA007F2961 /* Release */ = {
			isa = XCBuildConfiguration;
			buildSettings = {
				ALWAYS_SEARCH_USER_PATHS = NO;
				CLANG_ANALYZER_NONNULL = YES;
				CLANG_ANALYZER_NUMBER_OBJECT_CONVERSION = YES_AGGRESSIVE;
				CLANG_CXX_LANGUAGE_STANDARD = "gnu++17";
				CLANG_ENABLE_MODULES = YES;
				CLANG_ENABLE_OBJC_ARC = YES;
				CLANG_ENABLE_OBJC_WEAK = YES;
				CLANG_WARN_BLOCK_CAPTURE_AUTORELEASING = YES;
				CLANG_WARN_BOOL_CONVERSION = YES;
				CLANG_WARN_COMMA = YES;
				CLANG_WARN_CONSTANT_CONVERSION = YES;
				CLANG_WARN_DEPRECATED_OBJC_IMPLEMENTATIONS = YES;
				CLANG_WARN_DIRECT_OBJC_ISA_USAGE = YES_ERROR;
				CLANG_WARN_DOCUMENTATION_COMMENTS = YES;
				CLANG_WARN_EMPTY_BODY = YES;
				CLANG_WARN_ENUM_CONVERSION = YES;
				CLANG_WARN_INFINITE_RECURSION = YES;
				CLANG_WARN_INT_CONVERSION = YES;
				CLANG_WARN_NON_LITERAL_NULL_CONVERSION = YES;
				CLANG_WARN_OBJC_IMPLICIT_RETAIN_SELF = YES;
				CLANG_WARN_OBJC_LITERAL_CONVERSION = YES;
				CLANG_WARN_OBJC_ROOT_CLASS = YES_ERROR;
				CLANG_WARN_QUOTED_INCLUDE_IN_FRAMEWORK_HEADER = YES;
				CLANG_WARN_RANGE_LOOP_ANALYSIS = YES;
				CLANG_WARN_STRICT_PROTOTYPES = YES;
				CLANG_WARN_SUSPICIOUS_MOVE = YES;
				CLANG_WARN_UNGUARDED_AVAILABILITY = YES_AGGRESSIVE;
				CLANG_WARN_UNREACHABLE_CODE = YES;
				CLANG_WARN__DUPLICATE_METHOD_MATCH = YES;
				COPY_PHASE_STRIP = NO;
				DEBUG_INFORMATION_FORMAT = "dwarf-with-dsym";
				ENABLE_NS_ASSERTIONS = NO;
				ENABLE_STRICT_OBJC_MSGSEND = YES;
				GCC_C_LANGUAGE_STANDARD = gnu11;
				GCC_NO_COMMON_BLOCKS = YES;
				GCC_WARN_64_TO_32_BIT_CONVERSION = YES;
				GCC_WARN_ABOUT_RETURN_TYPE = YES_ERROR;
				GCC_WARN_UNDECLARED_SELECTOR = YES;
				GCC_WARN_UNINITIALIZED_AUTOS = YES_AGGRESSIVE;
				GCC_WARN_UNUSED_FUNCTION = YES;
				GCC_WARN_UNUSED_VARIABLE = YES;
				MACOSX_DEPLOYMENT_TARGET = 12.3;
				MTL_ENABLE_DEBUG_INFO = NO;
				MTL_FAST_MATH = YES;
				SDKROOT = macosx;
				SWIFT_COMPILATION_MODE = wholemodule;
				SWIFT_OPTIMIZATION_LEVEL = "-O";
			};
			name = Release;
		};
		6C70779A28C0A9EA007F2961 /* Debug */ = {
			isa = XCBuildConfiguration;
			buildSettings = {
				CODE_SIGN_STYLE = Automatic;
				PRODUCT_NAME = cronparser;
				SWIFT_VERSION = 5.0;
			};
			name = Debug;
		};
		6C70779B28C0A9EA007F2961 /* Release */ = {
			isa = XCBuildConfiguration;
			buildSettings = {
				CODE_SIGN_STYLE = Automatic;
				PRODUCT_NAME = cronparser;
				SWIFT_VERSION = 5.0;
			};
			name = Release;
		};
		6C7D8AD028C0BA3500ACB5E7 /* Debug */ = {
			isa = XCBuildConfiguration;
			buildSettings = {
				CODE_SIGN_STYLE = Automatic;
				CURRENT_PROJECT_VERSION = 1;
				GENERATE_INFOPLIST_FILE = YES;
				MARKETING_VERSION = 1.0;
				PRODUCT_BUNDLE_IDENTIFIER = RubenMarin.CronParserTests;
				PRODUCT_NAME = "$(TARGET_NAME)";
				SWIFT_EMIT_LOC_STRINGS = NO;
				SWIFT_VERSION = 5.0;
			};
			name = Debug;
		};
		6C7D8AD128C0BA3500ACB5E7 /* Release */ = {
			isa = XCBuildConfiguration;
			buildSettings = {
				CODE_SIGN_STYLE = Automatic;
				CURRENT_PROJECT_VERSION = 1;
				GENERATE_INFOPLIST_FILE = YES;
				MARKETING_VERSION = 1.0;
				PRODUCT_BUNDLE_IDENTIFIER = RubenMarin.CronParserTests;
				PRODUCT_NAME = "$(TARGET_NAME)";
				SWIFT_EMIT_LOC_STRINGS = NO;
				SWIFT_VERSION = 5.0;
			};
			name = Release;
		};
/* End XCBuildConfiguration section */

/* Begin XCConfigurationList section */
		6C70778D28C0A9EA007F2961 /* Build configuration list for PBXProject "CronParser" */ = {
			isa = XCConfigurationList;
			buildConfigurations = (
				6C70779728C0A9EA007F2961 /* Debug */,
				6C70779828C0A9EA007F2961 /* Release */,
			);
			defaultConfigurationIsVisible = 0;
			defaultConfigurationName = Release;
		};
		6C70779928C0A9EA007F2961 /* Build configuration list for PBXNativeTarget "CronParser" */ = {
			isa = XCConfigurationList;
			buildConfigurations = (
				6C70779A28C0A9EA007F2961 /* Debug */,
				6C70779B28C0A9EA007F2961 /* Release */,
			);
			defaultConfigurationIsVisible = 0;
			defaultConfigurationName = Release;
		};
		6C7D8ACF28C0BA3500ACB5E7 /* Build configuration list for PBXNativeTarget "CronParserTests" */ = {
			isa = XCConfigurationList;
			buildConfigurations = (
				6C7D8AD028C0BA3500ACB5E7 /* Debug */,
				6C7D8AD128C0BA3500ACB5E7 /* Release */,
			);
			defaultConfigurationIsVisible = 0;
			defaultConfigurationName = Release;
		};
/* End XCConfigurationList section */
	};
	rootObject = 6C70778A28C0A9EA007F2961 /* Project object */;
}
